<?xml version="1.0" encoding="utf-8"?>
<Project ToolsVersion="4.0" xmlns="http://schemas.microsoft.com/developer/msbuild/2003">
  <ItemGroup>
    <Filter Include="소스 파일">
      <UniqueIdentifier>{4FC737F1-C7A5-4376-A066-2A32D752A2FF}</UniqueIdentifier>
      <Extensions>cpp;c;cc;cxx;c++;cppm;ixx;def;odl;idl;hpj;bat;asm;asmx</Extensions>
    </Filter>
    <Filter Include="헤더 파일">
      <UniqueIdentifier>{93995380-89BD-4b04-88EB-625FBE52EBFB}</UniqueIdentifier>
      <Extensions>h;hh;hpp;hxx;h++;hm;inl;inc;ipp;xsd</Extensions>
    </Filter>
    <Filter Include="리소스 파일">
      <UniqueIdentifier>{67DA6AB6-F800-4c08-8B7A-83BB121AAD01}</UniqueIdentifier>
      <Extensions>rc;ico;cur;bmp;dlg;rc2;rct;bin;rgs;gif;jpg;jpeg;jpe;resx;tiff;tif;png;wav;mfcribbon-ms</Extensions>
    </Filter>
    <Filter Include="소스 파일\Prac03">
      <UniqueIdentifier>{68308ab3-5cb3-4089-aca5-a478ff63a402}</UniqueIdentifier>
    </Filter>
    <Filter Include="소스 파일\HomeWork">
      <UniqueIdentifier>{44380417-a47b-4060-b4ed-7573448873c4}</UniqueIdentifier>
    </Filter>
    <Filter Include="소스 파일\Prac04">
      <UniqueIdentifier>{60cee3f2-2c9d-4c4c-8885-f9470c36eab4}</UniqueIdentifier>
    </Filter>
  </ItemGroup>
  <ItemGroup>
    <ClCompile Include="Server.cpp">
      <Filter>소스 파일</Filter>
    </ClCompile>
    <ClCompile Include="InitSocket.cpp">
      <Filter>소스 파일</Filter>
    </ClCompile>
    <ClCompile Include="Prac03_3.cpp">
      <Filter>소스 파일\Prac03</Filter>
    </ClCompile>
    <ClCompile Include="Prac03_1.cpp">
      <Filter>소스 파일\Prac03</Filter>
    </ClCompile>
    <ClCompile Include="Prac03_2.cpp">
      <Filter>소스 파일\Prac03</Filter>
    </ClCompile>
    <ClCompile Include="Homework3.cpp">
      <Filter>소스 파일\HomeWork</Filter>
    </ClCompile>
    <ClCompile Include="Prac4_1.cpp">
      <Filter>소스 파일\Prac04</Filter>
    </ClCompile>
    <ClCompile Include="Prac4_2.cpp">
      <Filter>소스 파일\Prac04</Filter>
    </ClCompile>
  </ItemGroup>
  <ItemGroup>
    <ClInclude Include="Common.h">
      <Filter>헤더 파일</Filter>
    </ClInclude>
  </ItemGroup>
</Project>